{
  "object": {
    "pins": [
      {
        "package": "CryptoSwift",
        "repositoryURL": "https://github.com/krzyzanowskim/CryptoSwift.git",
        "state": {
          "branch": null,
          "revision": "db51c407d3be4a051484a141bf0bff36c43d3b1e",
          "version": "1.8.0"
        }
      },
      {
        "package": "Msecp256k1",
        "repositoryURL": "https://github.com/cdigiacinto/Msecp256k1.swift",
        "state": {
          "branch": "master",
          "revision": "e79d3de0e68f6caf617a5cb672f669f5d61d2f4d",
          "version": null
        }
      },
      {
        "package": "ripemd160",
        "repositoryURL": "https://github.com/zhangliugang/ripemd160",
        "state": {
          "branch": "master",
          "revision": "215d9675af3f8151e7ae43076afbcb765dd12601",
          "version": null
        }
      }
    ]
  },
  "version": 1
}
